{
  "name": "be-heard",
  "version": "1.0.0",
  "lockfileVersion": 2,
  "requires": true,
  "packages": {
    "": {
      "name": "be-heard",
      "version": "1.0.0",
      "license": "ISC",
      "dependencies": {
        "@fortawesome/fontawesome-free": "^5.15.4",
        "basicscroll": "^3.0.4",
        "bootstrap": "^5.0.0",
        "chart.js": "^3.6.0",
        "jquery": "^3.6.0"
      }
    },
    "node_modules/@fortawesome/fontawesome-free": {
      "version": "5.15.4",
      "resolved": "https://registry.npmjs.org/@fortawesome/fontawesome-free/-/fontawesome-free-5.15.4.tgz",
      "integrity": "sha512-eYm8vijH/hpzr/6/1CJ/V/Eb1xQFW2nnUKArb3z+yUWv7HTwj6M7SP957oMjfZjAHU6qpoNc2wQvIxBLWYa/Jg==",
      "hasInstallScript": true,
      "engines": {
        "node": ">=6"
      }
    },
    "node_modules/@popperjs/core": {
      "version": "2.10.2",
      "resolved": "https://registry.npmjs.org/@popperjs/core/-/core-2.10.2.tgz",
      "integrity": "sha512-IXf3XA7+XyN7CP9gGh/XB0UxVMlvARGEgGXLubFICsUMGz6Q+DU+i4gGlpOxTjKvXjkJDJC8YdqdKkDj9qZHEQ==",
      "peer": true,
      "funding": {
        "type": "opencollective",
        "url": "https://opencollective.com/popperjs"
      }
    },
    "node_modules/basicscroll": {
      "version": "3.0.4",
      "resolved": "https://registry.npmjs.org/basicscroll/-/basicscroll-3.0.4.tgz",
      "integrity": "sha512-q3mPVgLihiGHs64hbZfFFx9VrP/3eE7W4Q7YJ2GKwGqJTnF9NJroQQYcKANTxS7/6ODo69pittw9lVqNgBVi4w==",
      "dependencies": {
        "eases": "^1.0.8",
        "parse-unit": "^1.0.1"
      }
    },
    "node_modules/bootstrap": {
      "version": "5.0.0",
      "resolved": "https://registry.npmjs.org/bootstrap/-/bootstrap-5.0.0.tgz",
      "integrity": "sha512-tmhPET9B9qCl8dCofvHeiIhi49iBt0EehmIsziZib65k1erBW1rHhj2s/2JsuQh5Pq+xz2E9bEbzp9B7xHG+VA==",
      "funding": {
        "type": "opencollective",
        "url": "https://opencollective.com/bootstrap"
      },
      "peerDependencies": {
        "@popperjs/core": "^2.9.2"
      }
    },
    "node_modules/chart.js": {
      "version": "3.6.0",
      "resolved": "https://registry.npmjs.org/chart.js/-/chart.js-3.6.0.tgz",
      "integrity": "sha512-iOzzDKePL+bj+ccIsVAgWQehCXv8xOKGbaU2fO/myivH736zcx535PGJzQGanvcSGVOqX6yuLZsN3ygcQ35UgQ=="
    },
    "node_modules/eases": {
      "version": "1.0.8",
      "resolved": "https://registry.npmjs.org/eases/-/eases-1.0.8.tgz",
      "integrity": "sha1-8fUGmmtu0upRD5xhEDmNY+/pruY="
    },
    "node_modules/jquery": {
      "version": "3.6.0",
      "resolved": "https://registry.npmjs.org/jquery/-/jquery-3.6.0.tgz",
      "integrity": "sha512-JVzAR/AjBvVt2BmYhxRCSYysDsPcssdmTFnzyLEts9qNwmjmu4JTAMYubEfwVOSwpQ1I1sKKFcxhZCI2buerfw=="
    },
    "node_modules/parse-unit": {
      "version": "1.0.1",
      "resolved": "https://registry.npmjs.org/parse-unit/-/parse-unit-1.0.1.tgz",
      "integrity": "sha1-fhu21b7zh0wo45JSaiVBFwKR7s8="
    }
  },
  "dependencies": {
    "@fortawesome/fontawesome-free": {
      "version": "5.15.4",
      "resolved": "https://registry.npmjs.org/@fortawesome/fontawesome-free/-/fontawesome-free-5.15.4.tgz",
      "integrity": "sha512-eYm8vijH/hpzr/6/1CJ/V/Eb1xQFW2nnUKArb3z+yUWv7HTwj6M7SP957oMjfZjAHU6qpoNc2wQvIxBLWYa/Jg=="
    },
    "@popperjs/core": {
      "version": "2.10.2",
      "resolved": "https://registry.npmjs.org/@popperjs/core/-/core-2.10.2.tgz",
      "integrity": "sha512-IXf3XA7+XyN7CP9gGh/XB0UxVMlvARGEgGXLubFICsUMGz6Q+DU+i4gGlpOxTjKvXjkJDJC8YdqdKkDj9qZHEQ==",
      "peer": true
    },
    "basicscroll": {
      "version": "3.0.4",
      "resolved": "https://registry.npmjs.org/basicscroll/-/basicscroll-3.0.4.tgz",
      "integrity": "sha512-q3mPVgLihiGHs64hbZfFFx9VrP/3eE7W4Q7YJ2GKwGqJTnF9NJroQQYcKANTxS7/6ODo69pittw9lVqNgBVi4w==",
      "requires": {
        "eases": "^1.0.8",
        "parse-unit": "^1.0.1"
      }
    },
    "bootstrap": {
      "version": "5.0.0",
      "resolved": "https://registry.npmjs.org/bootstrap/-/bootstrap-5.0.0.tgz",
      "integrity": "sha512-tmhPET9B9qCl8dCofvHeiIhi49iBt0EehmIsziZib65k1erBW1rHhj2s/2JsuQh5Pq+xz2E9bEbzp9B7xHG+VA==",
      "requires": {}
    },
    "chart.js": {
      "version": "3.6.0",
      "resolved": "https://registry.npmjs.org/chart.js/-/chart.js-3.6.0.tgz",
      "integrity": "sha512-iOzzDKePL+bj+ccIsVAgWQehCXv8xOKGbaU2fO/myivH736zcx535PGJzQGanvcSGVOqX6yuLZsN3ygcQ35UgQ=="
    },
    "eases": {
      "version": "1.0.8",
      "resolved": "https://registry.npmjs.org/eases/-/eases-1.0.8.tgz",
      "integrity": "sha1-8fUGmmtu0upRD5xhEDmNY+/pruY="
    },
    "jquery": {
      "version": "3.6.0",
      "resolved": "https://registry.npmjs.org/jquery/-/jquery-3.6.0.tgz",
      "integrity": "sha512-JVzAR/AjBvVt2BmYhxRCSYysDsPcssdmTFnzyLEts9qNwmjmu4JTAMYubEfwVOSwpQ1I1sKKFcxhZCI2buerfw=="
    },
    "parse-unit": {
      "version": "1.0.1",
      "resolved": "https://registry.npmjs.org/parse-unit/-/parse-unit-1.0.1.tgz",
      "integrity": "sha1-fhu21b7zh0wo45JSaiVBFwKR7s8="
    }
  }
}
